
Microsoft Visual Studio Solution File, Format Version 12.00
# Visual Studio Version 17
VisualStudioVersion = 17.5.002.0
MinimumVisualStudioVersion = 10.0.40219.1
Project("{9A19103F-16F7-4668-BE54-9A1E7A4F7556}") = "SecurityQuestionAuthAPI", "SecurityQuestionAuthAPI.csproj", "{274D2236-E50B-48EC-8545-CFDA979A5046}"
EndProject
Global
	GlobalSection(SolutionConfigurationPlatforms) = preSolution
		Debug|Any CPU = Debug|Any CPU
		Release|Any CPU = Release|Any CPU
	EndGlobalSection
	GlobalSection(ProjectConfigurationPlatforms) = postSolution
		{274D2236-E50B-48EC-8545-CFDA979A5046}.Debug|Any CPU.ActiveCfg = Debug|Any CPU
		{274D2236-E50B-48EC-8545-CFDA979A5046}.Debug|Any CPU.Build.0 = Debug|Any CPU
		{274D2236-E50B-48EC-8545-CFDA979A5046}.Release|Any CPU.ActiveCfg = Release|Any CPU
		{274D2236-E50B-48EC-8545-CFDA979A5046}.Release|Any CPU.Build.0 = Release|Any CPU
	EndGlobalSection
	GlobalSection(SolutionProperties) = preSolution
		HideSolutionNode = FALSE
	EndGlobalSection
	GlobalSection(ExtensibilityGlobals) = postSolution
		SolutionGuid = {FB0FA5C1-37F1-4942-AB79-7443CC586619}
	EndGlobalSection
EndGlobal
